
Microsoft Visual Studio Solution File, Format Version 12.00
# Visual Studio 14
VisualStudioVersion = 14.0.23107.0
MinimumVisualStudioVersion = 10.0.40219.1
Project("{FAE04EC0-301F-11D3-BF4B-00C04F79EFBC}") = "Fluent.Extensions", "Fluent.Extensions\Fluent.Extensions.csproj", "{E865D876-B2C7-4FED-8814-75C6A5E03BF6}"
EndProject
Project("{FAE04EC0-301F-11D3-BF4B-00C04F79EFBC}") = "Fluent.Extensions.Tests", "Fluent.Extensions.Tests\Fluent.Extensions.Tests.csproj", "{449C5291-F2B7-4AEE-A4B2-D0F060797079}"
EndProject
Project("{FAE04EC0-301F-11D3-BF4B-00C04F79EFBC}") = "Collections.Fluent.Tests", "Collections.Fluent\Collections.Fluent.Tests\Collections.Fluent.Tests.csproj", "{87FA4596-E75A-4E0F-88CC-FD15B155EC6D}"
EndProject
Project("{FAE04EC0-301F-11D3-BF4B-00C04F79EFBC}") = "Collections.Fluent", "Collections.Fluent\Collections.Fluent\Collections.Fluent.csproj", "{E1E71990-809A-4A47-9760-2D768B74D76F}"
EndProject
Project("{D954291E-2A0B-460D-934E-DC6B0785DB48}") = "Collections.Fluent.Shared", "Collections.Fluent\Collections.Fluent.Shared\Collections.Fluent.Shared.shproj", "{77C8119C-600E-4171-A8DA-0C1F2AE99006}"
EndProject
Project("{2150E333-8FDC-42A3-9474-1A3956D46DE8}") = "Solution Items", "Solution Items", "{2F9B52DB-7A65-4EC0-952C-F835A6D7E8DF}"
	ProjectSection(SolutionItems) = preProject
		README.md = README.md
	EndProjectSection
EndProject
Global
	GlobalSection(SharedMSBuildProjectFiles) = preSolution
		Collections.Fluent\Collections.Fluent.Shared\Collections.Fluent.Shared.projitems*{77c8119c-600e-4171-a8da-0c1f2ae99006}*SharedItemsImports = 13
		Collections.Fluent\Collections.Fluent.Shared\Collections.Fluent.Shared.projitems*{e865d876-b2c7-4fed-8814-75c6a5e03bf6}*SharedItemsImports = 4
		Collections.Fluent\Collections.Fluent.Shared\Collections.Fluent.Shared.projitems*{e1e71990-809a-4a47-9760-2d768b74d76f}*SharedItemsImports = 4
	EndGlobalSection
	GlobalSection(SolutionConfigurationPlatforms) = preSolution
		Debug|Any CPU = Debug|Any CPU
		Release|Any CPU = Release|Any CPU
	EndGlobalSection
	GlobalSection(ProjectConfigurationPlatforms) = postSolution
		{E865D876-B2C7-4FED-8814-75C6A5E03BF6}.Debug|Any CPU.ActiveCfg = Debug|Any CPU
		{E865D876-B2C7-4FED-8814-75C6A5E03BF6}.Debug|Any CPU.Build.0 = Debug|Any CPU
		{E865D876-B2C7-4FED-8814-75C6A5E03BF6}.Release|Any CPU.ActiveCfg = Release|Any CPU
		{E865D876-B2C7-4FED-8814-75C6A5E03BF6}.Release|Any CPU.Build.0 = Release|Any CPU
		{449C5291-F2B7-4AEE-A4B2-D0F060797079}.Debug|Any CPU.ActiveCfg = Debug|Any CPU
		{449C5291-F2B7-4AEE-A4B2-D0F060797079}.Debug|Any CPU.Build.0 = Debug|Any CPU
		{449C5291-F2B7-4AEE-A4B2-D0F060797079}.Release|Any CPU.ActiveCfg = Release|Any CPU
		{449C5291-F2B7-4AEE-A4B2-D0F060797079}.Release|Any CPU.Build.0 = Release|Any CPU
		{87FA4596-E75A-4E0F-88CC-FD15B155EC6D}.Debug|Any CPU.ActiveCfg = Debug|Any CPU
		{87FA4596-E75A-4E0F-88CC-FD15B155EC6D}.Debug|Any CPU.Build.0 = Debug|Any CPU
		{87FA4596-E75A-4E0F-88CC-FD15B155EC6D}.Release|Any CPU.ActiveCfg = Release|Any CPU
		{87FA4596-E75A-4E0F-88CC-FD15B155EC6D}.Release|Any CPU.Build.0 = Release|Any CPU
		{E1E71990-809A-4A47-9760-2D768B74D76F}.Debug|Any CPU.ActiveCfg = Debug|Any CPU
		{E1E71990-809A-4A47-9760-2D768B74D76F}.Debug|Any CPU.Build.0 = Debug|Any CPU
		{E1E71990-809A-4A47-9760-2D768B74D76F}.Release|Any CPU.ActiveCfg = Release|Any CPU
		{E1E71990-809A-4A47-9760-2D768B74D76F}.Release|Any CPU.Build.0 = Release|Any CPU
	EndGlobalSection
	GlobalSection(SolutionProperties) = preSolution
		HideSolutionNode = FALSE
	EndGlobalSection
EndGlobal
